
Microsoft Visual Studio Solution File, Format Version 12.00
# Visual Studio Version 17
VisualStudioVersion = 17.5.33530.505
MinimumVisualStudioVersion = 10.0.40219.1
Project("{F184B08F-C81C-45F6-A57F-5ABD9991F28F}") = "xamppejercicio1", "xamppejercicio1\xamppejercicio1.vbproj", "{EA1FD3B5-FF83-45B8-B79A-8E31F0977D8E}"
EndProject
Global
	GlobalSection(SolutionConfigurationPlatforms) = preSolution
		Debug|Any CPU = Debug|Any CPU
		Release|Any CPU = Release|Any CPU
	EndGlobalSection
	GlobalSection(ProjectConfigurationPlatforms) = postSolution
		{EA1FD3B5-FF83-45B8-B79A-8E31F0977D8E}.Debug|Any CPU.ActiveCfg = Debug|Any CPU
		{EA1FD3B5-FF83-45B8-B79A-8E31F0977D8E}.Debug|Any CPU.Build.0 = Debug|Any CPU
		{EA1FD3B5-FF83-45B8-B79A-8E31F0977D8E}.Release|Any CPU.ActiveCfg = Release|Any CPU
		{EA1FD3B5-FF83-45B8-B79A-8E31F0977D8E}.Release|Any CPU.Build.0 = Release|Any CPU
	EndGlobalSection
	GlobalSection(SolutionProperties) = preSolution
		HideSolutionNode = FALSE
	EndGlobalSection
	GlobalSection(ExtensibilityGlobals) = postSolution
		SolutionGuid = {9B7F132E-2164-4DCF-85E4-B0495740002F}
	EndGlobalSection
EndGlobal
